
Microsoft Visual Studio Solution File, Format Version 12.00
# Visual Studio 14
VisualStudioVersion = 14.0.24720.0
MinimumVisualStudioVersion = 10.0.40219.1
Project("{FAE04EC0-301F-11D3-BF4B-00C04F79EFBC}") = "04. Kaspichania-Boats", "04. Kaspichania-Boats\04. Kaspichania-Boats.csproj", "{B64C4007-A03E-4283-86F2-ADC8D9BC615D}"
EndProject
Project("{FAE04EC0-301F-11D3-BF4B-00C04F79EFBC}") = "Kaspichania-Boats-AS", "Kaspichania-Boats-AS\Kaspichania-Boats-AS.csproj", "{44F2AF18-0926-41F2-AE18-D64479732624}"
EndProject
Global
	GlobalSection(SolutionConfigurationPlatforms) = preSolution
		Debug|Any CPU = Debug|Any CPU
		Release|Any CPU = Release|Any CPU
	EndGlobalSection
	GlobalSection(ProjectConfigurationPlatforms) = postSolution
		{B64C4007-A03E-4283-86F2-ADC8D9BC615D}.Debug|Any CPU.ActiveCfg = Debug|Any CPU
		{B64C4007-A03E-4283-86F2-ADC8D9BC615D}.Debug|Any CPU.Build.0 = Debug|Any CPU
		{B64C4007-A03E-4283-86F2-ADC8D9BC615D}.Release|Any CPU.ActiveCfg = Release|Any CPU
		{B64C4007-A03E-4283-86F2-ADC8D9BC615D}.Release|Any CPU.Build.0 = Release|Any CPU
		{44F2AF18-0926-41F2-AE18-D64479732624}.Debug|Any CPU.ActiveCfg = Debug|Any CPU
		{44F2AF18-0926-41F2-AE18-D64479732624}.Debug|Any CPU.Build.0 = Debug|Any CPU
		{44F2AF18-0926-41F2-AE18-D64479732624}.Release|Any CPU.ActiveCfg = Release|Any CPU
		{44F2AF18-0926-41F2-AE18-D64479732624}.Release|Any CPU.Build.0 = Release|Any CPU
	EndGlobalSection
	GlobalSection(SolutionProperties) = preSolution
		HideSolutionNode = FALSE
	EndGlobalSection
EndGlobal
