
Microsoft Visual Studio Solution File, Format Version 12.00
# Visual Studio 14
VisualStudioVersion = 14.0.24720.0
MinimumVisualStudioVersion = 10.0.40219.1
Project("{FAE04EC0-301F-11D3-BF4B-00C04F79EFBC}") = "05. Bobby-Avokadoto", "05. Bobby-Avokadoto\05. Bobby-Avokadoto.csproj", "{8AB04C49-1D8A-4C3B-8778-950FDA2ADC5B}"
EndProject
Project("{FAE04EC0-301F-11D3-BF4B-00C04F79EFBC}") = "Bobby-Avokadoto-AS", "Bobby-Avokadoto-AS\Bobby-Avokadoto-AS.csproj", "{27540C93-C320-479B-8F00-99578B8C56A7}"
EndProject
Global
	GlobalSection(SolutionConfigurationPlatforms) = preSolution
		Debug|Any CPU = Debug|Any CPU
		Release|Any CPU = Release|Any CPU
	EndGlobalSection
	GlobalSection(ProjectConfigurationPlatforms) = postSolution
		{8AB04C49-1D8A-4C3B-8778-950FDA2ADC5B}.Debug|Any CPU.ActiveCfg = Debug|Any CPU
		{8AB04C49-1D8A-4C3B-8778-950FDA2ADC5B}.Debug|Any CPU.Build.0 = Debug|Any CPU
		{8AB04C49-1D8A-4C3B-8778-950FDA2ADC5B}.Release|Any CPU.ActiveCfg = Release|Any CPU
		{8AB04C49-1D8A-4C3B-8778-950FDA2ADC5B}.Release|Any CPU.Build.0 = Release|Any CPU
		{27540C93-C320-479B-8F00-99578B8C56A7}.Debug|Any CPU.ActiveCfg = Debug|Any CPU
		{27540C93-C320-479B-8F00-99578B8C56A7}.Debug|Any CPU.Build.0 = Debug|Any CPU
		{27540C93-C320-479B-8F00-99578B8C56A7}.Release|Any CPU.ActiveCfg = Release|Any CPU
		{27540C93-C320-479B-8F00-99578B8C56A7}.Release|Any CPU.Build.0 = Release|Any CPU
	EndGlobalSection
	GlobalSection(SolutionProperties) = preSolution
		HideSolutionNode = FALSE
	EndGlobalSection
EndGlobal
