
Microsoft Visual Studio Solution File, Format Version 12.00
# Visual Studio 14
VisualStudioVersion = 14.0.24720.0
MinimumVisualStudioVersion = 10.0.40219.1
Project("{FAE04EC0-301F-11D3-BF4B-00C04F79EFBC}") = "04. Nakovs-Matching", "04. Nakovs-Matching\04. Nakovs-Matching.csproj", "{55CE2EC4-4724-4B57-BFB0-55F03100CD11}"
EndProject
Project("{FAE04EC0-301F-11D3-BF4B-00C04F79EFBC}") = "Nakovs-Matching-AS", "Nakovs-Matching-AS\Nakovs-Matching-AS.csproj", "{5436C3EA-2F07-47E5-B66E-DE186AF5B443}"
EndProject
Global
	GlobalSection(SolutionConfigurationPlatforms) = preSolution
		Debug|Any CPU = Debug|Any CPU
		Release|Any CPU = Release|Any CPU
	EndGlobalSection
	GlobalSection(ProjectConfigurationPlatforms) = postSolution
		{55CE2EC4-4724-4B57-BFB0-55F03100CD11}.Debug|Any CPU.ActiveCfg = Debug|Any CPU
		{55CE2EC4-4724-4B57-BFB0-55F03100CD11}.Debug|Any CPU.Build.0 = Debug|Any CPU
		{55CE2EC4-4724-4B57-BFB0-55F03100CD11}.Release|Any CPU.ActiveCfg = Release|Any CPU
		{55CE2EC4-4724-4B57-BFB0-55F03100CD11}.Release|Any CPU.Build.0 = Release|Any CPU
		{5436C3EA-2F07-47E5-B66E-DE186AF5B443}.Debug|Any CPU.ActiveCfg = Debug|Any CPU
		{5436C3EA-2F07-47E5-B66E-DE186AF5B443}.Debug|Any CPU.Build.0 = Debug|Any CPU
		{5436C3EA-2F07-47E5-B66E-DE186AF5B443}.Release|Any CPU.ActiveCfg = Release|Any CPU
		{5436C3EA-2F07-47E5-B66E-DE186AF5B443}.Release|Any CPU.Build.0 = Release|Any CPU
	EndGlobalSection
	GlobalSection(SolutionProperties) = preSolution
		HideSolutionNode = FALSE
	EndGlobalSection
EndGlobal
