
Microsoft Visual Studio Solution File, Format Version 12.00
# Visual Studio 14
VisualStudioVersion = 14.0.24720.0
MinimumVisualStudioVersion = 10.0.40219.1
Project("{FAE04EC0-301F-11D3-BF4B-00C04F79EFBC}") = "Binary-Digits-Count", "Binary-Digits-Count\Binary-Digits-Count.csproj", "{A6B0CCE6-6E55-49B6-92A6-426C850E9891}"
EndProject
Project("{FAE04EC0-301F-11D3-BF4B-00C04F79EFBC}") = "Binary-Digits-Count-AS", "Binary-Digits-Count-AS\Binary-Digits-Count-AS.csproj", "{C39E920D-7473-4E7B-B6AE-338B04D51BD8}"
EndProject
Global
	GlobalSection(SolutionConfigurationPlatforms) = preSolution
		Debug|Any CPU = Debug|Any CPU
		Release|Any CPU = Release|Any CPU
	EndGlobalSection
	GlobalSection(ProjectConfigurationPlatforms) = postSolution
		{A6B0CCE6-6E55-49B6-92A6-426C850E9891}.Debug|Any CPU.ActiveCfg = Debug|Any CPU
		{A6B0CCE6-6E55-49B6-92A6-426C850E9891}.Debug|Any CPU.Build.0 = Debug|Any CPU
		{A6B0CCE6-6E55-49B6-92A6-426C850E9891}.Release|Any CPU.ActiveCfg = Release|Any CPU
		{A6B0CCE6-6E55-49B6-92A6-426C850E9891}.Release|Any CPU.Build.0 = Release|Any CPU
		{C39E920D-7473-4E7B-B6AE-338B04D51BD8}.Debug|Any CPU.ActiveCfg = Debug|Any CPU
		{C39E920D-7473-4E7B-B6AE-338B04D51BD8}.Debug|Any CPU.Build.0 = Debug|Any CPU
		{C39E920D-7473-4E7B-B6AE-338B04D51BD8}.Release|Any CPU.ActiveCfg = Release|Any CPU
		{C39E920D-7473-4E7B-B6AE-338B04D51BD8}.Release|Any CPU.Build.0 = Release|Any CPU
	EndGlobalSection
	GlobalSection(SolutionProperties) = preSolution
		HideSolutionNode = FALSE
	EndGlobalSection
EndGlobal
