
Microsoft Visual Studio Solution File, Format Version 12.00
# Visual Studio 14
VisualStudioVersion = 14.0.24720.0
MinimumVisualStudioVersion = 10.0.40219.1
Project("{FAE04EC0-301F-11D3-BF4B-00C04F79EFBC}") = "02 . Secrets", "02 . Secrets\02 . Secrets.csproj", "{6374DD7E-5992-4419-823B-8B07A4F92C87}"
EndProject
Project("{FAE04EC0-301F-11D3-BF4B-00C04F79EFBC}") = "Secrets-AS", "Secrets-AS\Secrets-AS.csproj", "{6ED895FD-8F4C-403A-B573-2DA69FAE0043}"
EndProject
Global
	GlobalSection(SolutionConfigurationPlatforms) = preSolution
		Debug|Any CPU = Debug|Any CPU
		Release|Any CPU = Release|Any CPU
	EndGlobalSection
	GlobalSection(ProjectConfigurationPlatforms) = postSolution
		{6374DD7E-5992-4419-823B-8B07A4F92C87}.Debug|Any CPU.ActiveCfg = Debug|Any CPU
		{6374DD7E-5992-4419-823B-8B07A4F92C87}.Debug|Any CPU.Build.0 = Debug|Any CPU
		{6374DD7E-5992-4419-823B-8B07A4F92C87}.Release|Any CPU.ActiveCfg = Release|Any CPU
		{6374DD7E-5992-4419-823B-8B07A4F92C87}.Release|Any CPU.Build.0 = Release|Any CPU
		{6ED895FD-8F4C-403A-B573-2DA69FAE0043}.Debug|Any CPU.ActiveCfg = Debug|Any CPU
		{6ED895FD-8F4C-403A-B573-2DA69FAE0043}.Debug|Any CPU.Build.0 = Debug|Any CPU
		{6ED895FD-8F4C-403A-B573-2DA69FAE0043}.Release|Any CPU.ActiveCfg = Release|Any CPU
		{6ED895FD-8F4C-403A-B573-2DA69FAE0043}.Release|Any CPU.Build.0 = Release|Any CPU
	EndGlobalSection
	GlobalSection(SolutionProperties) = preSolution
		HideSolutionNode = FALSE
	EndGlobalSection
EndGlobal
