
Microsoft Visual Studio Solution File, Format Version 12.00
# Visual Studio 2013
VisualStudioVersion = 12.0.31101.0
MinimumVisualStudioVersion = 10.0.40219.1
Project("{FAE04EC0-301F-11D3-BF4B-00C04F79EFBC}") = "01. HTML-Tables", "HTML-Tables\01. HTML-Tables.csproj", "{7C3F2E5C-D66B-404D-A71C-94696F25819D}"
EndProject
Project("{FAE04EC0-301F-11D3-BF4B-00C04F79EFBC}") = "02. HTML-Form", "HTML-Form\02. HTML-Form.csproj", "{1829FEB1-C9D9-42B6-8E77-BAD4DF9BBA2B}"
EndProject
Project("{FAE04EC0-301F-11D3-BF4B-00C04F79EFBC}") = "03. Calculator", "Calculator\03. Calculator.csproj", "{07E544D7-EB71-4C56-AF69-AD892B70C5A1}"
EndProject
Global
	GlobalSection(SolutionConfigurationPlatforms) = preSolution
		Debug|Any CPU = Debug|Any CPU
		Release|Any CPU = Release|Any CPU
	EndGlobalSection
	GlobalSection(ProjectConfigurationPlatforms) = postSolution
		{7C3F2E5C-D66B-404D-A71C-94696F25819D}.Debug|Any CPU.ActiveCfg = Debug|Any CPU
		{7C3F2E5C-D66B-404D-A71C-94696F25819D}.Debug|Any CPU.Build.0 = Debug|Any CPU
		{7C3F2E5C-D66B-404D-A71C-94696F25819D}.Release|Any CPU.ActiveCfg = Release|Any CPU
		{7C3F2E5C-D66B-404D-A71C-94696F25819D}.Release|Any CPU.Build.0 = Release|Any CPU
		{1829FEB1-C9D9-42B6-8E77-BAD4DF9BBA2B}.Debug|Any CPU.ActiveCfg = Debug|Any CPU
		{1829FEB1-C9D9-42B6-8E77-BAD4DF9BBA2B}.Debug|Any CPU.Build.0 = Debug|Any CPU
		{1829FEB1-C9D9-42B6-8E77-BAD4DF9BBA2B}.Release|Any CPU.ActiveCfg = Release|Any CPU
		{1829FEB1-C9D9-42B6-8E77-BAD4DF9BBA2B}.Release|Any CPU.Build.0 = Release|Any CPU
		{07E544D7-EB71-4C56-AF69-AD892B70C5A1}.Debug|Any CPU.ActiveCfg = Debug|Any CPU
		{07E544D7-EB71-4C56-AF69-AD892B70C5A1}.Debug|Any CPU.Build.0 = Debug|Any CPU
		{07E544D7-EB71-4C56-AF69-AD892B70C5A1}.Release|Any CPU.ActiveCfg = Release|Any CPU
		{07E544D7-EB71-4C56-AF69-AD892B70C5A1}.Release|Any CPU.Build.0 = Release|Any CPU
	EndGlobalSection
	GlobalSection(SolutionProperties) = preSolution
		HideSolutionNode = FALSE
	EndGlobalSection
EndGlobal
