
Microsoft Visual Studio Solution File, Format Version 12.00
# Visual Studio 14
VisualStudioVersion = 14.0.24720.0
MinimumVisualStudioVersion = 10.0.40219.1
Project("{FAE04EC0-301F-11D3-BF4B-00C04F79EFBC}") = "01. 3-6-9", "01. 3-6-9\01. 3-6-9.csproj", "{FED89E5F-E441-489F-B270-8BFD555B2D65}"
EndProject
Project("{FAE04EC0-301F-11D3-BF4B-00C04F79EFBC}") = "3-6-9-AS", "3-6-9-AS\3-6-9-AS.csproj", "{FD5E1C55-3093-47EA-9E88-489B11F3F1C0}"
EndProject
Global
	GlobalSection(SolutionConfigurationPlatforms) = preSolution
		Debug|Any CPU = Debug|Any CPU
		Release|Any CPU = Release|Any CPU
	EndGlobalSection
	GlobalSection(ProjectConfigurationPlatforms) = postSolution
		{FED89E5F-E441-489F-B270-8BFD555B2D65}.Debug|Any CPU.ActiveCfg = Debug|Any CPU
		{FED89E5F-E441-489F-B270-8BFD555B2D65}.Debug|Any CPU.Build.0 = Debug|Any CPU
		{FED89E5F-E441-489F-B270-8BFD555B2D65}.Release|Any CPU.ActiveCfg = Release|Any CPU
		{FED89E5F-E441-489F-B270-8BFD555B2D65}.Release|Any CPU.Build.0 = Release|Any CPU
		{FD5E1C55-3093-47EA-9E88-489B11F3F1C0}.Debug|Any CPU.ActiveCfg = Debug|Any CPU
		{FD5E1C55-3093-47EA-9E88-489B11F3F1C0}.Debug|Any CPU.Build.0 = Debug|Any CPU
		{FD5E1C55-3093-47EA-9E88-489B11F3F1C0}.Release|Any CPU.ActiveCfg = Release|Any CPU
		{FD5E1C55-3093-47EA-9E88-489B11F3F1C0}.Release|Any CPU.Build.0 = Release|Any CPU
	EndGlobalSection
	GlobalSection(SolutionProperties) = preSolution
		HideSolutionNode = FALSE
	EndGlobalSection
EndGlobal
