
Microsoft Visual Studio Solution File, Format Version 12.00
# Visual Studio 14
VisualStudioVersion = 14.0.24720.0
MinimumVisualStudioVersion = 10.0.40219.1
Project("{FAE04EC0-301F-11D3-BF4B-00C04F79EFBC}") = "01. Traveller-Bob", "01. Traveller-Bob\01. Traveller-Bob.csproj", "{C72981CB-98A0-4F32-8C99-157B74F92C51}"
EndProject
Project("{FAE04EC0-301F-11D3-BF4B-00C04F79EFBC}") = "Traveller-Bob-AS", "Traveller-Bob-AS\Traveller-Bob-AS.csproj", "{FFDDB05E-C7BC-4603-B75D-5A90CAC132BF}"
EndProject
Global
	GlobalSection(SolutionConfigurationPlatforms) = preSolution
		Debug|Any CPU = Debug|Any CPU
		Release|Any CPU = Release|Any CPU
	EndGlobalSection
	GlobalSection(ProjectConfigurationPlatforms) = postSolution
		{C72981CB-98A0-4F32-8C99-157B74F92C51}.Debug|Any CPU.ActiveCfg = Debug|Any CPU
		{C72981CB-98A0-4F32-8C99-157B74F92C51}.Debug|Any CPU.Build.0 = Debug|Any CPU
		{C72981CB-98A0-4F32-8C99-157B74F92C51}.Release|Any CPU.ActiveCfg = Release|Any CPU
		{C72981CB-98A0-4F32-8C99-157B74F92C51}.Release|Any CPU.Build.0 = Release|Any CPU
		{FFDDB05E-C7BC-4603-B75D-5A90CAC132BF}.Debug|Any CPU.ActiveCfg = Debug|Any CPU
		{FFDDB05E-C7BC-4603-B75D-5A90CAC132BF}.Debug|Any CPU.Build.0 = Debug|Any CPU
		{FFDDB05E-C7BC-4603-B75D-5A90CAC132BF}.Release|Any CPU.ActiveCfg = Release|Any CPU
		{FFDDB05E-C7BC-4603-B75D-5A90CAC132BF}.Release|Any CPU.Build.0 = Release|Any CPU
	EndGlobalSection
	GlobalSection(SolutionProperties) = preSolution
		HideSolutionNode = FALSE
	EndGlobalSection
EndGlobal
