
Microsoft Visual Studio Solution File, Format Version 12.00
# Visual Studio 14
VisualStudioVersion = 14.0.24720.0
MinimumVisualStudioVersion = 10.0.40219.1
Project("{FAE04EC0-301F-11D3-BF4B-00C04F79EFBC}") = "Malko-Kote-AS", "Malko-Kote-AS\Malko-Kote-AS.csproj", "{DE3547ED-4E99-45A3-89BC-837366491D83}"
EndProject
Project("{FAE04EC0-301F-11D3-BF4B-00C04F79EFBC}") = "04. Malko-Kote", "04. Malko-Kote\04. Malko-Kote.csproj", "{AEF5B8F3-955F-4D19-A859-02B8FCB2BCE1}"
EndProject
Global
	GlobalSection(SolutionConfigurationPlatforms) = preSolution
		Debug|Any CPU = Debug|Any CPU
		Release|Any CPU = Release|Any CPU
	EndGlobalSection
	GlobalSection(ProjectConfigurationPlatforms) = postSolution
		{DE3547ED-4E99-45A3-89BC-837366491D83}.Debug|Any CPU.ActiveCfg = Debug|Any CPU
		{DE3547ED-4E99-45A3-89BC-837366491D83}.Debug|Any CPU.Build.0 = Debug|Any CPU
		{DE3547ED-4E99-45A3-89BC-837366491D83}.Release|Any CPU.ActiveCfg = Release|Any CPU
		{DE3547ED-4E99-45A3-89BC-837366491D83}.Release|Any CPU.Build.0 = Release|Any CPU
		{AEF5B8F3-955F-4D19-A859-02B8FCB2BCE1}.Debug|Any CPU.ActiveCfg = Debug|Any CPU
		{AEF5B8F3-955F-4D19-A859-02B8FCB2BCE1}.Debug|Any CPU.Build.0 = Debug|Any CPU
		{AEF5B8F3-955F-4D19-A859-02B8FCB2BCE1}.Release|Any CPU.ActiveCfg = Release|Any CPU
		{AEF5B8F3-955F-4D19-A859-02B8FCB2BCE1}.Release|Any CPU.Build.0 = Release|Any CPU
	EndGlobalSection
	GlobalSection(SolutionProperties) = preSolution
		HideSolutionNode = FALSE
	EndGlobalSection
EndGlobal
