
Microsoft Visual Studio Solution File, Format Version 12.00
# Visual Studio 14
VisualStudioVersion = 14.0.24720.0
MinimumVisualStudioVersion = 10.0.40219.1
Project("{FAE04EC0-301F-11D3-BF4B-00C04F79EFBC}") = "03. Lover-Of-3", "03. Lover-Of-3\03. Lover-Of-3.csproj", "{0FD1C1AF-178F-4176-A061-CBE69B3D010A}"
EndProject
Project("{FAE04EC0-301F-11D3-BF4B-00C04F79EFBC}") = "Lover-Of-3-AS", "Lover-Of-3-AS\Lover-Of-3-AS.csproj", "{E7AA68A5-F459-40EC-B8DC-989A97AF3FEF}"
EndProject
Global
	GlobalSection(SolutionConfigurationPlatforms) = preSolution
		Debug|Any CPU = Debug|Any CPU
		Release|Any CPU = Release|Any CPU
	EndGlobalSection
	GlobalSection(ProjectConfigurationPlatforms) = postSolution
		{0FD1C1AF-178F-4176-A061-CBE69B3D010A}.Debug|Any CPU.ActiveCfg = Debug|Any CPU
		{0FD1C1AF-178F-4176-A061-CBE69B3D010A}.Debug|Any CPU.Build.0 = Debug|Any CPU
		{0FD1C1AF-178F-4176-A061-CBE69B3D010A}.Release|Any CPU.ActiveCfg = Release|Any CPU
		{0FD1C1AF-178F-4176-A061-CBE69B3D010A}.Release|Any CPU.Build.0 = Release|Any CPU
		{E7AA68A5-F459-40EC-B8DC-989A97AF3FEF}.Debug|Any CPU.ActiveCfg = Debug|Any CPU
		{E7AA68A5-F459-40EC-B8DC-989A97AF3FEF}.Debug|Any CPU.Build.0 = Debug|Any CPU
		{E7AA68A5-F459-40EC-B8DC-989A97AF3FEF}.Release|Any CPU.ActiveCfg = Release|Any CPU
		{E7AA68A5-F459-40EC-B8DC-989A97AF3FEF}.Release|Any CPU.Build.0 = Release|Any CPU
	EndGlobalSection
	GlobalSection(SolutionProperties) = preSolution
		HideSolutionNode = FALSE
	EndGlobalSection
EndGlobal
