
Microsoft Visual Studio Solution File, Format Version 12.00
# Visual Studio 14
VisualStudioVersion = 14.0.24720.0
MinimumVisualStudioVersion = 10.0.40219.1
Project("{FAE04EC0-301F-11D3-BF4B-00C04F79EFBC}") = "Cartesian-Coordinate-System", "Cartesian-Coordinate-System\Cartesian-Coordinate-System.csproj", "{19DED1A0-D239-4C4E-B56A-4DC2C8809E4E}"
EndProject
Project("{FAE04EC0-301F-11D3-BF4B-00C04F79EFBC}") = "Cartesian-Coordinate-System-AS", "Cartesian-Coordinate-System-AS\Cartesian-Coordinate-System-AS.csproj", "{123FFA68-A1B1-48BC-900C-841213921B68}"
EndProject
Global
	GlobalSection(SolutionConfigurationPlatforms) = preSolution
		Debug|Any CPU = Debug|Any CPU
		Release|Any CPU = Release|Any CPU
	EndGlobalSection
	GlobalSection(ProjectConfigurationPlatforms) = postSolution
		{19DED1A0-D239-4C4E-B56A-4DC2C8809E4E}.Debug|Any CPU.ActiveCfg = Debug|Any CPU
		{19DED1A0-D239-4C4E-B56A-4DC2C8809E4E}.Debug|Any CPU.Build.0 = Debug|Any CPU
		{19DED1A0-D239-4C4E-B56A-4DC2C8809E4E}.Release|Any CPU.ActiveCfg = Release|Any CPU
		{19DED1A0-D239-4C4E-B56A-4DC2C8809E4E}.Release|Any CPU.Build.0 = Release|Any CPU
		{123FFA68-A1B1-48BC-900C-841213921B68}.Debug|Any CPU.ActiveCfg = Debug|Any CPU
		{123FFA68-A1B1-48BC-900C-841213921B68}.Debug|Any CPU.Build.0 = Debug|Any CPU
		{123FFA68-A1B1-48BC-900C-841213921B68}.Release|Any CPU.ActiveCfg = Release|Any CPU
		{123FFA68-A1B1-48BC-900C-841213921B68}.Release|Any CPU.Build.0 = Release|Any CPU
	EndGlobalSection
	GlobalSection(SolutionProperties) = preSolution
		HideSolutionNode = FALSE
	EndGlobalSection
EndGlobal
