
Microsoft Visual Studio Solution File, Format Version 12.00
# Visual Studio 14
VisualStudioVersion = 14.0.24720.0
MinimumVisualStudioVersion = 10.0.40219.1
Project("{FAE04EC0-301F-11D3-BF4B-00C04F79EFBC}") = "03. The-Explorer", "03. The-Explorer\03. The-Explorer.csproj", "{EACD83D5-D5E8-4A9C-9964-A0AE7E6581EA}"
EndProject
Project("{FAE04EC0-301F-11D3-BF4B-00C04F79EFBC}") = "The-Explorer-AS", "The-Explorer-AS\The-Explorer-AS.csproj", "{6422381C-F156-4FCF-8CFF-4C05A51DDA0C}"
EndProject
Global
	GlobalSection(SolutionConfigurationPlatforms) = preSolution
		Debug|Any CPU = Debug|Any CPU
		Release|Any CPU = Release|Any CPU
	EndGlobalSection
	GlobalSection(ProjectConfigurationPlatforms) = postSolution
		{EACD83D5-D5E8-4A9C-9964-A0AE7E6581EA}.Debug|Any CPU.ActiveCfg = Debug|Any CPU
		{EACD83D5-D5E8-4A9C-9964-A0AE7E6581EA}.Debug|Any CPU.Build.0 = Debug|Any CPU
		{EACD83D5-D5E8-4A9C-9964-A0AE7E6581EA}.Release|Any CPU.ActiveCfg = Release|Any CPU
		{EACD83D5-D5E8-4A9C-9964-A0AE7E6581EA}.Release|Any CPU.Build.0 = Release|Any CPU
		{6422381C-F156-4FCF-8CFF-4C05A51DDA0C}.Debug|Any CPU.ActiveCfg = Debug|Any CPU
		{6422381C-F156-4FCF-8CFF-4C05A51DDA0C}.Debug|Any CPU.Build.0 = Debug|Any CPU
		{6422381C-F156-4FCF-8CFF-4C05A51DDA0C}.Release|Any CPU.ActiveCfg = Release|Any CPU
		{6422381C-F156-4FCF-8CFF-4C05A51DDA0C}.Release|Any CPU.Build.0 = Release|Any CPU
	EndGlobalSection
	GlobalSection(SolutionProperties) = preSolution
		HideSolutionNode = FALSE
	EndGlobalSection
EndGlobal
