
Microsoft Visual Studio Solution File, Format Version 12.00
# Visual Studio 14
VisualStudioVersion = 14.0.24720.0
MinimumVisualStudioVersion = 10.0.40219.1
Project("{FAE04EC0-301F-11D3-BF4B-00C04F79EFBC}") = "04. Variable-Length-Codes", "04. Variable-Length-Codes\04. Variable-Length-Codes.csproj", "{9D5D7688-44E1-46BE-A1DF-F3781CD17FF7}"
EndProject
Project("{FAE04EC0-301F-11D3-BF4B-00C04F79EFBC}") = "Variable-Length-Codes-AS", "Variable-Length-Codes-AS\Variable-Length-Codes-AS.csproj", "{5933A34C-6035-4A67-A5A3-71359FF3A647}"
EndProject
Global
	GlobalSection(SolutionConfigurationPlatforms) = preSolution
		Debug|Any CPU = Debug|Any CPU
		Release|Any CPU = Release|Any CPU
	EndGlobalSection
	GlobalSection(ProjectConfigurationPlatforms) = postSolution
		{9D5D7688-44E1-46BE-A1DF-F3781CD17FF7}.Debug|Any CPU.ActiveCfg = Debug|Any CPU
		{9D5D7688-44E1-46BE-A1DF-F3781CD17FF7}.Debug|Any CPU.Build.0 = Debug|Any CPU
		{9D5D7688-44E1-46BE-A1DF-F3781CD17FF7}.Release|Any CPU.ActiveCfg = Release|Any CPU
		{9D5D7688-44E1-46BE-A1DF-F3781CD17FF7}.Release|Any CPU.Build.0 = Release|Any CPU
		{5933A34C-6035-4A67-A5A3-71359FF3A647}.Debug|Any CPU.ActiveCfg = Debug|Any CPU
		{5933A34C-6035-4A67-A5A3-71359FF3A647}.Debug|Any CPU.Build.0 = Debug|Any CPU
		{5933A34C-6035-4A67-A5A3-71359FF3A647}.Release|Any CPU.ActiveCfg = Release|Any CPU
		{5933A34C-6035-4A67-A5A3-71359FF3A647}.Release|Any CPU.Build.0 = Release|Any CPU
	EndGlobalSection
	GlobalSection(SolutionProperties) = preSolution
		HideSolutionNode = FALSE
	EndGlobalSection
EndGlobal
