
Microsoft Visual Studio Solution File, Format Version 12.00
# Visual Studio 14
VisualStudioVersion = 14.0.24720.0
MinimumVisualStudioVersion = 10.0.40219.1
Project("{FAE04EC0-301F-11D3-BF4B-00C04F79EFBC}") = "04. Telerik-Logo", "04. Telerik-Logo\04. Telerik-Logo.csproj", "{57D80138-7E5E-4D3D-B313-99986766EDF4}"
EndProject
Project("{FAE04EC0-301F-11D3-BF4B-00C04F79EFBC}") = "Telerik-Logo-AS", "Telerik-Logo-AS\Telerik-Logo-AS.csproj", "{7879103F-285B-4B8A-80D8-0B86C0B0E113}"
EndProject
Project("{FAE04EC0-301F-11D3-BF4B-00C04F79EFBC}") = "4. Telerik-Logo", "4. Telerik-Logo\4. Telerik-Logo.csproj", "{90D01819-B5F1-4834-9D54-D3581832749B}"
EndProject
Global
	GlobalSection(SolutionConfigurationPlatforms) = preSolution
		Debug|Any CPU = Debug|Any CPU
		Release|Any CPU = Release|Any CPU
	EndGlobalSection
	GlobalSection(ProjectConfigurationPlatforms) = postSolution
		{57D80138-7E5E-4D3D-B313-99986766EDF4}.Debug|Any CPU.ActiveCfg = Debug|Any CPU
		{57D80138-7E5E-4D3D-B313-99986766EDF4}.Debug|Any CPU.Build.0 = Debug|Any CPU
		{57D80138-7E5E-4D3D-B313-99986766EDF4}.Release|Any CPU.ActiveCfg = Release|Any CPU
		{57D80138-7E5E-4D3D-B313-99986766EDF4}.Release|Any CPU.Build.0 = Release|Any CPU
		{7879103F-285B-4B8A-80D8-0B86C0B0E113}.Debug|Any CPU.ActiveCfg = Debug|Any CPU
		{7879103F-285B-4B8A-80D8-0B86C0B0E113}.Debug|Any CPU.Build.0 = Debug|Any CPU
		{7879103F-285B-4B8A-80D8-0B86C0B0E113}.Release|Any CPU.ActiveCfg = Release|Any CPU
		{7879103F-285B-4B8A-80D8-0B86C0B0E113}.Release|Any CPU.Build.0 = Release|Any CPU
		{90D01819-B5F1-4834-9D54-D3581832749B}.Debug|Any CPU.ActiveCfg = Debug|Any CPU
		{90D01819-B5F1-4834-9D54-D3581832749B}.Debug|Any CPU.Build.0 = Debug|Any CPU
		{90D01819-B5F1-4834-9D54-D3581832749B}.Release|Any CPU.ActiveCfg = Release|Any CPU
		{90D01819-B5F1-4834-9D54-D3581832749B}.Release|Any CPU.Build.0 = Release|Any CPU
	EndGlobalSection
	GlobalSection(SolutionProperties) = preSolution
		HideSolutionNode = FALSE
	EndGlobalSection
EndGlobal
