
Microsoft Visual Studio Solution File, Format Version 12.00
# Visual Studio 14
VisualStudioVersion = 14.0.24720.0
MinimumVisualStudioVersion = 10.0.40219.1
Project("{FAE04EC0-301F-11D3-BF4B-00C04F79EFBC}") = "Fall-Down", "Fall-Down\Fall-Down.csproj", "{94EC6D10-5403-41CD-837D-B5A41CF244A4}"
EndProject
Project("{FAE04EC0-301F-11D3-BF4B-00C04F79EFBC}") = "Fall-Down-AS", "Fall-Down-AS\Fall-Down-AS.csproj", "{8BB5ECD1-5CCB-4035-B10B-546F42708596}"
EndProject
Global
	GlobalSection(SolutionConfigurationPlatforms) = preSolution
		Debug|Any CPU = Debug|Any CPU
		Release|Any CPU = Release|Any CPU
	EndGlobalSection
	GlobalSection(ProjectConfigurationPlatforms) = postSolution
		{94EC6D10-5403-41CD-837D-B5A41CF244A4}.Debug|Any CPU.ActiveCfg = Debug|Any CPU
		{94EC6D10-5403-41CD-837D-B5A41CF244A4}.Debug|Any CPU.Build.0 = Debug|Any CPU
		{94EC6D10-5403-41CD-837D-B5A41CF244A4}.Release|Any CPU.ActiveCfg = Release|Any CPU
		{94EC6D10-5403-41CD-837D-B5A41CF244A4}.Release|Any CPU.Build.0 = Release|Any CPU
		{8BB5ECD1-5CCB-4035-B10B-546F42708596}.Debug|Any CPU.ActiveCfg = Debug|Any CPU
		{8BB5ECD1-5CCB-4035-B10B-546F42708596}.Debug|Any CPU.Build.0 = Debug|Any CPU
		{8BB5ECD1-5CCB-4035-B10B-546F42708596}.Release|Any CPU.ActiveCfg = Release|Any CPU
		{8BB5ECD1-5CCB-4035-B10B-546F42708596}.Release|Any CPU.Build.0 = Release|Any CPU
	EndGlobalSection
	GlobalSection(SolutionProperties) = preSolution
		HideSolutionNode = FALSE
	EndGlobalSection
EndGlobal
