
Microsoft Visual Studio Solution File, Format Version 12.00
# Visual Studio 14
VisualStudioVersion = 14.0.24720.0
MinimumVisualStudioVersion = 10.0.40219.1
Project("{FAE04EC0-301F-11D3-BF4B-00C04F79EFBC}") = "03. Saddy-Kopper", "03. Saddy-Kopper\03. Saddy-Kopper.csproj", "{CF4DF705-503F-43DD-963A-E329799DDAF2}"
EndProject
Project("{FAE04EC0-301F-11D3-BF4B-00C04F79EFBC}") = "Saddy-Kopper-AS", "Saddy-Kopper-AS\Saddy-Kopper-AS.csproj", "{91B39E7F-BAF7-48A2-861F-A1A74B7010E4}"
EndProject
Project("{FAE04EC0-301F-11D3-BF4B-00C04F79EFBC}") = "3. Saddy-Kopper", "3. Saddy-Kopper\3. Saddy-Kopper.csproj", "{D6828A9F-2C4C-4B93-874E-DE8E236871BE}"
EndProject
Global
	GlobalSection(SolutionConfigurationPlatforms) = preSolution
		Debug|Any CPU = Debug|Any CPU
		Release|Any CPU = Release|Any CPU
	EndGlobalSection
	GlobalSection(ProjectConfigurationPlatforms) = postSolution
		{CF4DF705-503F-43DD-963A-E329799DDAF2}.Debug|Any CPU.ActiveCfg = Debug|Any CPU
		{CF4DF705-503F-43DD-963A-E329799DDAF2}.Debug|Any CPU.Build.0 = Debug|Any CPU
		{CF4DF705-503F-43DD-963A-E329799DDAF2}.Release|Any CPU.ActiveCfg = Release|Any CPU
		{CF4DF705-503F-43DD-963A-E329799DDAF2}.Release|Any CPU.Build.0 = Release|Any CPU
		{91B39E7F-BAF7-48A2-861F-A1A74B7010E4}.Debug|Any CPU.ActiveCfg = Debug|Any CPU
		{91B39E7F-BAF7-48A2-861F-A1A74B7010E4}.Debug|Any CPU.Build.0 = Debug|Any CPU
		{91B39E7F-BAF7-48A2-861F-A1A74B7010E4}.Release|Any CPU.ActiveCfg = Release|Any CPU
		{91B39E7F-BAF7-48A2-861F-A1A74B7010E4}.Release|Any CPU.Build.0 = Release|Any CPU
		{D6828A9F-2C4C-4B93-874E-DE8E236871BE}.Debug|Any CPU.ActiveCfg = Debug|Any CPU
		{D6828A9F-2C4C-4B93-874E-DE8E236871BE}.Debug|Any CPU.Build.0 = Debug|Any CPU
		{D6828A9F-2C4C-4B93-874E-DE8E236871BE}.Release|Any CPU.ActiveCfg = Release|Any CPU
		{D6828A9F-2C4C-4B93-874E-DE8E236871BE}.Release|Any CPU.Build.0 = Release|Any CPU
	EndGlobalSection
	GlobalSection(SolutionProperties) = preSolution
		HideSolutionNode = FALSE
	EndGlobalSection
EndGlobal
