
Microsoft Visual Studio Solution File, Format Version 12.00
# Visual Studio 14
VisualStudioVersion = 14.0.24720.0
MinimumVisualStudioVersion = 10.0.40219.1
Project("{FAE04EC0-301F-11D3-BF4B-00C04F79EFBC}") = "04. Fire", "04. Fire\04. Fire.csproj", "{75F81ED7-69EC-458E-AC7F-9881BC69B22C}"
EndProject
Project("{FAE04EC0-301F-11D3-BF4B-00C04F79EFBC}") = "Fire-AS", "Fire-AS\Fire-AS.csproj", "{792A3C55-ADE6-42C8-9CD6-84AAC350A630}"
EndProject
Project("{FAE04EC0-301F-11D3-BF4B-00C04F79EFBC}") = "Fire-AS-Without-NewString", "Fire-AS-Without-NewString\Fire-AS-Without-NewString.csproj", "{1DAC946E-6384-4491-B653-72340E4704DE}"
EndProject
Global
	GlobalSection(SolutionConfigurationPlatforms) = preSolution
		Debug|Any CPU = Debug|Any CPU
		Release|Any CPU = Release|Any CPU
	EndGlobalSection
	GlobalSection(ProjectConfigurationPlatforms) = postSolution
		{75F81ED7-69EC-458E-AC7F-9881BC69B22C}.Debug|Any CPU.ActiveCfg = Debug|Any CPU
		{75F81ED7-69EC-458E-AC7F-9881BC69B22C}.Debug|Any CPU.Build.0 = Debug|Any CPU
		{75F81ED7-69EC-458E-AC7F-9881BC69B22C}.Release|Any CPU.ActiveCfg = Release|Any CPU
		{75F81ED7-69EC-458E-AC7F-9881BC69B22C}.Release|Any CPU.Build.0 = Release|Any CPU
		{792A3C55-ADE6-42C8-9CD6-84AAC350A630}.Debug|Any CPU.ActiveCfg = Debug|Any CPU
		{792A3C55-ADE6-42C8-9CD6-84AAC350A630}.Debug|Any CPU.Build.0 = Debug|Any CPU
		{792A3C55-ADE6-42C8-9CD6-84AAC350A630}.Release|Any CPU.ActiveCfg = Release|Any CPU
		{792A3C55-ADE6-42C8-9CD6-84AAC350A630}.Release|Any CPU.Build.0 = Release|Any CPU
		{1DAC946E-6384-4491-B653-72340E4704DE}.Debug|Any CPU.ActiveCfg = Debug|Any CPU
		{1DAC946E-6384-4491-B653-72340E4704DE}.Debug|Any CPU.Build.0 = Debug|Any CPU
		{1DAC946E-6384-4491-B653-72340E4704DE}.Release|Any CPU.ActiveCfg = Release|Any CPU
		{1DAC946E-6384-4491-B653-72340E4704DE}.Release|Any CPU.Build.0 = Release|Any CPU
	EndGlobalSection
	GlobalSection(SolutionProperties) = preSolution
		HideSolutionNode = FALSE
	EndGlobalSection
EndGlobal
