
Microsoft Visual Studio Solution File, Format Version 12.00
# Visual Studio 14
VisualStudioVersion = 14.0.24720.0
MinimumVisualStudioVersion = 10.0.40219.1
Project("{FAE04EC0-301F-11D3-BF4B-00C04F79EFBC}") = "01. Triple-Rotation-Оf-Digits", "01. Triple-Rotation-Оf-Digits\01. Triple-Rotation-Оf-Digits.csproj", "{9E03AAFC-DA70-4E80-B19B-5AD0494C38E1}"
EndProject
Project("{FAE04EC0-301F-11D3-BF4B-00C04F79EFBC}") = "1. Triple-Rotation-Оf-Digits-AS", "Triple-Rotation-Оf-Digits-AS\1. Triple-Rotation-Оf-Digits-AS.csproj", "{AE73F508-41B0-4AEC-8EBC-7D46AFD4EBA4}"
EndProject
Project("{FAE04EC0-301F-11D3-BF4B-00C04F79EFBC}") = "Triple-Rotation-WIth-Middle-0s", "Triple-Rotation-WIth-Middle-0s\Triple-Rotation-WIth-Middle-0s.csproj", "{FA3A30B6-206B-4989-A42B-C9E5976EA632}"
EndProject
Global
	GlobalSection(SolutionConfigurationPlatforms) = preSolution
		Debug|Any CPU = Debug|Any CPU
		Release|Any CPU = Release|Any CPU
	EndGlobalSection
	GlobalSection(ProjectConfigurationPlatforms) = postSolution
		{9E03AAFC-DA70-4E80-B19B-5AD0494C38E1}.Debug|Any CPU.ActiveCfg = Debug|Any CPU
		{9E03AAFC-DA70-4E80-B19B-5AD0494C38E1}.Debug|Any CPU.Build.0 = Debug|Any CPU
		{9E03AAFC-DA70-4E80-B19B-5AD0494C38E1}.Release|Any CPU.ActiveCfg = Release|Any CPU
		{9E03AAFC-DA70-4E80-B19B-5AD0494C38E1}.Release|Any CPU.Build.0 = Release|Any CPU
		{AE73F508-41B0-4AEC-8EBC-7D46AFD4EBA4}.Debug|Any CPU.ActiveCfg = Debug|Any CPU
		{AE73F508-41B0-4AEC-8EBC-7D46AFD4EBA4}.Debug|Any CPU.Build.0 = Debug|Any CPU
		{AE73F508-41B0-4AEC-8EBC-7D46AFD4EBA4}.Release|Any CPU.ActiveCfg = Release|Any CPU
		{AE73F508-41B0-4AEC-8EBC-7D46AFD4EBA4}.Release|Any CPU.Build.0 = Release|Any CPU
		{FA3A30B6-206B-4989-A42B-C9E5976EA632}.Debug|Any CPU.ActiveCfg = Debug|Any CPU
		{FA3A30B6-206B-4989-A42B-C9E5976EA632}.Debug|Any CPU.Build.0 = Debug|Any CPU
		{FA3A30B6-206B-4989-A42B-C9E5976EA632}.Release|Any CPU.ActiveCfg = Release|Any CPU
		{FA3A30B6-206B-4989-A42B-C9E5976EA632}.Release|Any CPU.Build.0 = Release|Any CPU
	EndGlobalSection
	GlobalSection(SolutionProperties) = preSolution
		HideSolutionNode = FALSE
	EndGlobalSection
EndGlobal
