
Microsoft Visual Studio Solution File, Format Version 12.00
# Visual Studio 14
VisualStudioVersion = 14.0.24720.0
MinimumVisualStudioVersion = 10.0.40219.1
Project("{FAE04EC0-301F-11D3-BF4B-00C04F79EFBC}") = "Mutant-Squirrels-AS", "Mutant-Squirrels-AS\Mutant-Squirrels-AS.csproj", "{DB2A4DA1-3759-405A-8DE8-27E90DB273C2}"
EndProject
Project("{FAE04EC0-301F-11D3-BF4B-00C04F79EFBC}") = "01. Mutant-Squirrels", "01. Mutant-Squirrels\01. Mutant-Squirrels.csproj", "{DAB28065-C96E-4555-BBEB-399E3C1D2E31}"
EndProject
Global
	GlobalSection(SolutionConfigurationPlatforms) = preSolution
		Debug|Any CPU = Debug|Any CPU
		Release|Any CPU = Release|Any CPU
	EndGlobalSection
	GlobalSection(ProjectConfigurationPlatforms) = postSolution
		{DB2A4DA1-3759-405A-8DE8-27E90DB273C2}.Debug|Any CPU.ActiveCfg = Debug|Any CPU
		{DB2A4DA1-3759-405A-8DE8-27E90DB273C2}.Debug|Any CPU.Build.0 = Debug|Any CPU
		{DB2A4DA1-3759-405A-8DE8-27E90DB273C2}.Release|Any CPU.ActiveCfg = Release|Any CPU
		{DB2A4DA1-3759-405A-8DE8-27E90DB273C2}.Release|Any CPU.Build.0 = Release|Any CPU
		{DAB28065-C96E-4555-BBEB-399E3C1D2E31}.Debug|Any CPU.ActiveCfg = Debug|Any CPU
		{DAB28065-C96E-4555-BBEB-399E3C1D2E31}.Debug|Any CPU.Build.0 = Debug|Any CPU
		{DAB28065-C96E-4555-BBEB-399E3C1D2E31}.Release|Any CPU.ActiveCfg = Release|Any CPU
		{DAB28065-C96E-4555-BBEB-399E3C1D2E31}.Release|Any CPU.Build.0 = Release|Any CPU
	EndGlobalSection
	GlobalSection(SolutionProperties) = preSolution
		HideSolutionNode = FALSE
	EndGlobalSection
EndGlobal
