
Microsoft Visual Studio Solution File, Format Version 12.00
# Visual Studio 14
VisualStudioVersion = 14.0.24720.0
MinimumVisualStudioVersion = 10.0.40219.1
Project("{FAE04EC0-301F-11D3-BF4B-00C04F79EFBC}") = "02. A-nacci", "02. A-nacci\02. A-nacci.csproj", "{99B96F15-088E-49BF-B479-0A0D1B4CF8EB}"
EndProject
Project("{FAE04EC0-301F-11D3-BF4B-00C04F79EFBC}") = "A-nacci-AS", "A-nacci-AS\A-nacci-AS.csproj", "{1E0536C4-93A5-4325-911E-6019215FBA37}"
EndProject
Global
	GlobalSection(SolutionConfigurationPlatforms) = preSolution
		Debug|Any CPU = Debug|Any CPU
		Release|Any CPU = Release|Any CPU
	EndGlobalSection
	GlobalSection(ProjectConfigurationPlatforms) = postSolution
		{99B96F15-088E-49BF-B479-0A0D1B4CF8EB}.Debug|Any CPU.ActiveCfg = Debug|Any CPU
		{99B96F15-088E-49BF-B479-0A0D1B4CF8EB}.Debug|Any CPU.Build.0 = Debug|Any CPU
		{99B96F15-088E-49BF-B479-0A0D1B4CF8EB}.Release|Any CPU.ActiveCfg = Release|Any CPU
		{99B96F15-088E-49BF-B479-0A0D1B4CF8EB}.Release|Any CPU.Build.0 = Release|Any CPU
		{1E0536C4-93A5-4325-911E-6019215FBA37}.Debug|Any CPU.ActiveCfg = Debug|Any CPU
		{1E0536C4-93A5-4325-911E-6019215FBA37}.Debug|Any CPU.Build.0 = Debug|Any CPU
		{1E0536C4-93A5-4325-911E-6019215FBA37}.Release|Any CPU.ActiveCfg = Release|Any CPU
		{1E0536C4-93A5-4325-911E-6019215FBA37}.Release|Any CPU.Build.0 = Release|Any CPU
	EndGlobalSection
	GlobalSection(SolutionProperties) = preSolution
		HideSolutionNode = FALSE
	EndGlobalSection
EndGlobal
