
Microsoft Visual Studio Solution File, Format Version 12.00
# Visual Studio 14
VisualStudioVersion = 14.0.24720.0
MinimumVisualStudioVersion = 10.0.40219.1
Project("{FAE04EC0-301F-11D3-BF4B-00C04F79EFBC}") = "03. Maslan", "03. Maslan\03. Maslan.csproj", "{EF6E6F55-62CD-4196-91EC-3BF4240FA13C}"
EndProject
Project("{FAE04EC0-301F-11D3-BF4B-00C04F79EFBC}") = "Maslan-AS", "Maslan-AS\Maslan-AS.csproj", "{E1332FC3-F0DC-4838-800F-118CB8F5B1FD}"
EndProject
Global
	GlobalSection(SolutionConfigurationPlatforms) = preSolution
		Debug|Any CPU = Debug|Any CPU
		Release|Any CPU = Release|Any CPU
	EndGlobalSection
	GlobalSection(ProjectConfigurationPlatforms) = postSolution
		{EF6E6F55-62CD-4196-91EC-3BF4240FA13C}.Debug|Any CPU.ActiveCfg = Debug|Any CPU
		{EF6E6F55-62CD-4196-91EC-3BF4240FA13C}.Debug|Any CPU.Build.0 = Debug|Any CPU
		{EF6E6F55-62CD-4196-91EC-3BF4240FA13C}.Release|Any CPU.ActiveCfg = Release|Any CPU
		{EF6E6F55-62CD-4196-91EC-3BF4240FA13C}.Release|Any CPU.Build.0 = Release|Any CPU
		{E1332FC3-F0DC-4838-800F-118CB8F5B1FD}.Debug|Any CPU.ActiveCfg = Debug|Any CPU
		{E1332FC3-F0DC-4838-800F-118CB8F5B1FD}.Debug|Any CPU.Build.0 = Debug|Any CPU
		{E1332FC3-F0DC-4838-800F-118CB8F5B1FD}.Release|Any CPU.ActiveCfg = Release|Any CPU
		{E1332FC3-F0DC-4838-800F-118CB8F5B1FD}.Release|Any CPU.Build.0 = Release|Any CPU
	EndGlobalSection
	GlobalSection(SolutionProperties) = preSolution
		HideSolutionNode = FALSE
	EndGlobalSection
EndGlobal
