
Microsoft Visual Studio Solution File, Format Version 12.00
# Visual Studio 14
VisualStudioVersion = 14.0.24720.0
MinimumVisualStudioVersion = 10.0.40219.1
Project("{FAE04EC0-301F-11D3-BF4B-00C04F79EFBC}") = "04. Eggcelent", "04. Eggcelent\04. Eggcelent.csproj", "{C3987D34-A530-4BF3-AD8E-7A894E3FC63F}"
EndProject
Project("{FAE04EC0-301F-11D3-BF4B-00C04F79EFBC}") = "Eggcelent-AS", "Eggcelent-AS\Eggcelent-AS.csproj", "{7E0B6FE7-AF33-40CF-9947-3213424B5BA8}"
EndProject
Global
	GlobalSection(SolutionConfigurationPlatforms) = preSolution
		Debug|Any CPU = Debug|Any CPU
		Release|Any CPU = Release|Any CPU
	EndGlobalSection
	GlobalSection(ProjectConfigurationPlatforms) = postSolution
		{C3987D34-A530-4BF3-AD8E-7A894E3FC63F}.Debug|Any CPU.ActiveCfg = Debug|Any CPU
		{C3987D34-A530-4BF3-AD8E-7A894E3FC63F}.Debug|Any CPU.Build.0 = Debug|Any CPU
		{C3987D34-A530-4BF3-AD8E-7A894E3FC63F}.Release|Any CPU.ActiveCfg = Release|Any CPU
		{C3987D34-A530-4BF3-AD8E-7A894E3FC63F}.Release|Any CPU.Build.0 = Release|Any CPU
		{7E0B6FE7-AF33-40CF-9947-3213424B5BA8}.Debug|Any CPU.ActiveCfg = Debug|Any CPU
		{7E0B6FE7-AF33-40CF-9947-3213424B5BA8}.Debug|Any CPU.Build.0 = Debug|Any CPU
		{7E0B6FE7-AF33-40CF-9947-3213424B5BA8}.Release|Any CPU.ActiveCfg = Release|Any CPU
		{7E0B6FE7-AF33-40CF-9947-3213424B5BA8}.Release|Any CPU.Build.0 = Release|Any CPU
	EndGlobalSection
	GlobalSection(SolutionProperties) = preSolution
		HideSolutionNode = FALSE
	EndGlobalSection
EndGlobal
