
Microsoft Visual Studio Solution File, Format Version 12.00
# Visual Studio 14
VisualStudioVersion = 14.0.24720.0
MinimumVisualStudioVersion = 10.0.40219.1
Project("{FAE04EC0-301F-11D3-BF4B-00C04F79EFBC}") = "04. Relevance-Index", "04. Relevance-Index\04. Relevance-Index.csproj", "{F41EA76D-AD86-4CC6-ACDF-E08B4547A11D}"
EndProject
Project("{FAE04EC0-301F-11D3-BF4B-00C04F79EFBC}") = "Relevance-Index-AS", "Relevance-Index-AS\Relevance-Index-AS.csproj", "{C4B92013-5F24-4763-8878-BE2D8D408616}"
EndProject
Global
	GlobalSection(SolutionConfigurationPlatforms) = preSolution
		Debug|Any CPU = Debug|Any CPU
		Release|Any CPU = Release|Any CPU
	EndGlobalSection
	GlobalSection(ProjectConfigurationPlatforms) = postSolution
		{F41EA76D-AD86-4CC6-ACDF-E08B4547A11D}.Debug|Any CPU.ActiveCfg = Debug|Any CPU
		{F41EA76D-AD86-4CC6-ACDF-E08B4547A11D}.Debug|Any CPU.Build.0 = Debug|Any CPU
		{F41EA76D-AD86-4CC6-ACDF-E08B4547A11D}.Release|Any CPU.ActiveCfg = Release|Any CPU
		{F41EA76D-AD86-4CC6-ACDF-E08B4547A11D}.Release|Any CPU.Build.0 = Release|Any CPU
		{C4B92013-5F24-4763-8878-BE2D8D408616}.Debug|Any CPU.ActiveCfg = Debug|Any CPU
		{C4B92013-5F24-4763-8878-BE2D8D408616}.Debug|Any CPU.Build.0 = Debug|Any CPU
		{C4B92013-5F24-4763-8878-BE2D8D408616}.Release|Any CPU.ActiveCfg = Release|Any CPU
		{C4B92013-5F24-4763-8878-BE2D8D408616}.Release|Any CPU.Build.0 = Release|Any CPU
	EndGlobalSection
	GlobalSection(SolutionProperties) = preSolution
		HideSolutionNode = FALSE
	EndGlobalSection
EndGlobal
