
Microsoft Visual Studio Solution File, Format Version 12.00
# Visual Studio 14
VisualStudioVersion = 14.0.24720.0
MinimumVisualStudioVersion = 10.0.40219.1
Project("{FAE04EC0-301F-11D3-BF4B-00C04F79EFBC}") = "02. Encoding-Sum", "02. Encoding-Sum\02. Encoding-Sum.csproj", "{86128F92-3C48-48A2-AA01-ED671E8C5379}"
EndProject
Project("{FAE04EC0-301F-11D3-BF4B-00C04F79EFBC}") = "Encoding-Sum-AS", "Encoding-Sum-AS\Encoding-Sum-AS.csproj", "{6D577F86-1898-40FE-825A-07EAD4C9BA85}"
EndProject
Global
	GlobalSection(SolutionConfigurationPlatforms) = preSolution
		Debug|Any CPU = Debug|Any CPU
		Release|Any CPU = Release|Any CPU
	EndGlobalSection
	GlobalSection(ProjectConfigurationPlatforms) = postSolution
		{86128F92-3C48-48A2-AA01-ED671E8C5379}.Debug|Any CPU.ActiveCfg = Debug|Any CPU
		{86128F92-3C48-48A2-AA01-ED671E8C5379}.Debug|Any CPU.Build.0 = Debug|Any CPU
		{86128F92-3C48-48A2-AA01-ED671E8C5379}.Release|Any CPU.ActiveCfg = Release|Any CPU
		{86128F92-3C48-48A2-AA01-ED671E8C5379}.Release|Any CPU.Build.0 = Release|Any CPU
		{6D577F86-1898-40FE-825A-07EAD4C9BA85}.Debug|Any CPU.ActiveCfg = Debug|Any CPU
		{6D577F86-1898-40FE-825A-07EAD4C9BA85}.Debug|Any CPU.Build.0 = Debug|Any CPU
		{6D577F86-1898-40FE-825A-07EAD4C9BA85}.Release|Any CPU.ActiveCfg = Release|Any CPU
		{6D577F86-1898-40FE-825A-07EAD4C9BA85}.Release|Any CPU.Build.0 = Release|Any CPU
	EndGlobalSection
	GlobalSection(SolutionProperties) = preSolution
		HideSolutionNode = FALSE
	EndGlobalSection
EndGlobal
