
Microsoft Visual Studio Solution File, Format Version 12.00
# Visual Studio 2013
VisualStudioVersion = 12.0.31101.0
MinimumVisualStudioVersion = 10.0.40219.1
Project("{FAE04EC0-301F-11D3-BF4B-00C04F79EFBC}") = "01. Runners-Home-Page", "Runners-Home-Page\01. Runners-Home-Page.csproj", "{EDB27D16-50E8-4D61-92EA-BD84148D6753}"
EndProject
Project("{FAE04EC0-301F-11D3-BF4B-00C04F79EFBC}") = "02. Nested-Lists", "Nested-Lists\02. Nested-Lists.csproj", "{1F96EFC1-65C3-485C-A992-5A8E4BAADD26}"
EndProject
Project("{FAE04EC0-301F-11D3-BF4B-00C04F79EFBC}") = "03. Social-Site", "Social-Site\03. Social-Site.csproj", "{4A88AF76-17CE-4517-AC84-C9568A0FCC2D}"
EndProject
Global
	GlobalSection(SolutionConfigurationPlatforms) = preSolution
		Debug|Any CPU = Debug|Any CPU
		Release|Any CPU = Release|Any CPU
	EndGlobalSection
	GlobalSection(ProjectConfigurationPlatforms) = postSolution
		{EDB27D16-50E8-4D61-92EA-BD84148D6753}.Debug|Any CPU.ActiveCfg = Debug|Any CPU
		{EDB27D16-50E8-4D61-92EA-BD84148D6753}.Debug|Any CPU.Build.0 = Debug|Any CPU
		{EDB27D16-50E8-4D61-92EA-BD84148D6753}.Release|Any CPU.ActiveCfg = Release|Any CPU
		{EDB27D16-50E8-4D61-92EA-BD84148D6753}.Release|Any CPU.Build.0 = Release|Any CPU
		{1F96EFC1-65C3-485C-A992-5A8E4BAADD26}.Debug|Any CPU.ActiveCfg = Debug|Any CPU
		{1F96EFC1-65C3-485C-A992-5A8E4BAADD26}.Debug|Any CPU.Build.0 = Debug|Any CPU
		{1F96EFC1-65C3-485C-A992-5A8E4BAADD26}.Release|Any CPU.ActiveCfg = Release|Any CPU
		{1F96EFC1-65C3-485C-A992-5A8E4BAADD26}.Release|Any CPU.Build.0 = Release|Any CPU
		{4A88AF76-17CE-4517-AC84-C9568A0FCC2D}.Debug|Any CPU.ActiveCfg = Debug|Any CPU
		{4A88AF76-17CE-4517-AC84-C9568A0FCC2D}.Debug|Any CPU.Build.0 = Debug|Any CPU
		{4A88AF76-17CE-4517-AC84-C9568A0FCC2D}.Release|Any CPU.ActiveCfg = Release|Any CPU
		{4A88AF76-17CE-4517-AC84-C9568A0FCC2D}.Release|Any CPU.Build.0 = Release|Any CPU
	EndGlobalSection
	GlobalSection(SolutionProperties) = preSolution
		HideSolutionNode = FALSE
	EndGlobalSection
EndGlobal
