
Microsoft Visual Studio Solution File, Format Version 12.00
# Visual Studio 14
VisualStudioVersion = 14.0.24720.0
MinimumVisualStudioVersion = 10.0.40219.1
Project("{FAE04EC0-301F-11D3-BF4B-00C04F79EFBC}") = "02. The-Horror", "02. The-Horror\02. The-Horror.csproj", "{42112C9E-1924-45F5-BD80-94F5324E916D}"
EndProject
Project("{FAE04EC0-301F-11D3-BF4B-00C04F79EFBC}") = "The-Horror-AS", "The-Horror-AS\The-Horror-AS.csproj", "{F2476CC0-602B-4DD5-9798-4DABDF3AFD93}"
EndProject
Global
	GlobalSection(SolutionConfigurationPlatforms) = preSolution
		Debug|Any CPU = Debug|Any CPU
		Release|Any CPU = Release|Any CPU
	EndGlobalSection
	GlobalSection(ProjectConfigurationPlatforms) = postSolution
		{42112C9E-1924-45F5-BD80-94F5324E916D}.Debug|Any CPU.ActiveCfg = Debug|Any CPU
		{42112C9E-1924-45F5-BD80-94F5324E916D}.Debug|Any CPU.Build.0 = Debug|Any CPU
		{42112C9E-1924-45F5-BD80-94F5324E916D}.Release|Any CPU.ActiveCfg = Release|Any CPU
		{42112C9E-1924-45F5-BD80-94F5324E916D}.Release|Any CPU.Build.0 = Release|Any CPU
		{F2476CC0-602B-4DD5-9798-4DABDF3AFD93}.Debug|Any CPU.ActiveCfg = Debug|Any CPU
		{F2476CC0-602B-4DD5-9798-4DABDF3AFD93}.Debug|Any CPU.Build.0 = Debug|Any CPU
		{F2476CC0-602B-4DD5-9798-4DABDF3AFD93}.Release|Any CPU.ActiveCfg = Release|Any CPU
		{F2476CC0-602B-4DD5-9798-4DABDF3AFD93}.Release|Any CPU.Build.0 = Release|Any CPU
	EndGlobalSection
	GlobalSection(SolutionProperties) = preSolution
		HideSolutionNode = FALSE
	EndGlobalSection
EndGlobal
