
Microsoft Visual Studio Solution File, Format Version 12.00
# Visual Studio 14
VisualStudioVersion = 14.0.24720.0
MinimumVisualStudioVersion = 10.0.40219.1
Project("{FAE04EC0-301F-11D3-BF4B-00C04F79EFBC}") = "2. Book-Orders", "2. Book-Orders\2. Book-Orders.csproj", "{0CEF4E84-93E4-425F-A87D-50169CB2EDAC}"
EndProject
Project("{FAE04EC0-301F-11D3-BF4B-00C04F79EFBC}") = "Book-Orders-AS", "Book-Orders-AS\Book-Orders-AS.csproj", "{B0C10639-792A-44AF-BF35-85BF7FE39698}"
EndProject
Global
	GlobalSection(SolutionConfigurationPlatforms) = preSolution
		Debug|Any CPU = Debug|Any CPU
		Release|Any CPU = Release|Any CPU
	EndGlobalSection
	GlobalSection(ProjectConfigurationPlatforms) = postSolution
		{0CEF4E84-93E4-425F-A87D-50169CB2EDAC}.Debug|Any CPU.ActiveCfg = Debug|Any CPU
		{0CEF4E84-93E4-425F-A87D-50169CB2EDAC}.Debug|Any CPU.Build.0 = Debug|Any CPU
		{0CEF4E84-93E4-425F-A87D-50169CB2EDAC}.Release|Any CPU.ActiveCfg = Release|Any CPU
		{0CEF4E84-93E4-425F-A87D-50169CB2EDAC}.Release|Any CPU.Build.0 = Release|Any CPU
		{B0C10639-792A-44AF-BF35-85BF7FE39698}.Debug|Any CPU.ActiveCfg = Debug|Any CPU
		{B0C10639-792A-44AF-BF35-85BF7FE39698}.Debug|Any CPU.Build.0 = Debug|Any CPU
		{B0C10639-792A-44AF-BF35-85BF7FE39698}.Release|Any CPU.ActiveCfg = Release|Any CPU
		{B0C10639-792A-44AF-BF35-85BF7FE39698}.Release|Any CPU.Build.0 = Release|Any CPU
	EndGlobalSection
	GlobalSection(SolutionProperties) = preSolution
		HideSolutionNode = FALSE
	EndGlobalSection
EndGlobal
