
Microsoft Visual Studio Solution File, Format Version 12.00
# Visual Studio 14
VisualStudioVersion = 14.0.24720.0
MinimumVisualStudioVersion = 10.0.40219.1
Project("{FAE04EC0-301F-11D3-BF4B-00C04F79EFBC}") = "Subset-Sums", "Subset-Sums\Subset-Sums.csproj", "{33E7DE1E-8B3E-4632-A81E-9CD4B225CA94}"
EndProject
Project("{FAE04EC0-301F-11D3-BF4B-00C04F79EFBC}") = "Subset-Sums-AS", "Subset-Sums-AS\Subset-Sums-AS.csproj", "{B61A4538-2CD5-468E-80A5-E424540B8BA0}"
EndProject
Global
	GlobalSection(SolutionConfigurationPlatforms) = preSolution
		Debug|Any CPU = Debug|Any CPU
		Release|Any CPU = Release|Any CPU
	EndGlobalSection
	GlobalSection(ProjectConfigurationPlatforms) = postSolution
		{33E7DE1E-8B3E-4632-A81E-9CD4B225CA94}.Debug|Any CPU.ActiveCfg = Debug|Any CPU
		{33E7DE1E-8B3E-4632-A81E-9CD4B225CA94}.Debug|Any CPU.Build.0 = Debug|Any CPU
		{33E7DE1E-8B3E-4632-A81E-9CD4B225CA94}.Release|Any CPU.ActiveCfg = Release|Any CPU
		{33E7DE1E-8B3E-4632-A81E-9CD4B225CA94}.Release|Any CPU.Build.0 = Release|Any CPU
		{B61A4538-2CD5-468E-80A5-E424540B8BA0}.Debug|Any CPU.ActiveCfg = Debug|Any CPU
		{B61A4538-2CD5-468E-80A5-E424540B8BA0}.Debug|Any CPU.Build.0 = Debug|Any CPU
		{B61A4538-2CD5-468E-80A5-E424540B8BA0}.Release|Any CPU.ActiveCfg = Release|Any CPU
		{B61A4538-2CD5-468E-80A5-E424540B8BA0}.Release|Any CPU.Build.0 = Release|Any CPU
	EndGlobalSection
	GlobalSection(SolutionProperties) = preSolution
		HideSolutionNode = FALSE
	EndGlobalSection
EndGlobal
