
Microsoft Visual Studio Solution File, Format Version 12.00
# Visual Studio 14
VisualStudioVersion = 14.0.24720.0
MinimumVisualStudioVersion = 10.0.40219.1
Project("{FAE04EC0-301F-11D3-BF4B-00C04F79EFBC}") = "Sum-Of-Odd-Divisors-AS", "Sum-Of-Odd-Divisors-AS\Sum-Of-Odd-Divisors-AS.csproj", "{25E6B36D-EE68-4ACA-BF3E-C7FB031B81B7}"
EndProject
Global
	GlobalSection(SolutionConfigurationPlatforms) = preSolution
		Debug|Any CPU = Debug|Any CPU
		Release|Any CPU = Release|Any CPU
	EndGlobalSection
	GlobalSection(ProjectConfigurationPlatforms) = postSolution
		{25E6B36D-EE68-4ACA-BF3E-C7FB031B81B7}.Debug|Any CPU.ActiveCfg = Debug|Any CPU
		{25E6B36D-EE68-4ACA-BF3E-C7FB031B81B7}.Debug|Any CPU.Build.0 = Debug|Any CPU
		{25E6B36D-EE68-4ACA-BF3E-C7FB031B81B7}.Release|Any CPU.ActiveCfg = Release|Any CPU
		{25E6B36D-EE68-4ACA-BF3E-C7FB031B81B7}.Release|Any CPU.Build.0 = Release|Any CPU
	EndGlobalSection
	GlobalSection(SolutionProperties) = preSolution
		HideSolutionNode = FALSE
	EndGlobalSection
EndGlobal
