
Microsoft Visual Studio Solution File, Format Version 12.00
# Visual Studio 14
VisualStudioVersion = 14.0.24720.0
MinimumVisualStudioVersion = 10.0.40219.1
Project("{FAE04EC0-301F-11D3-BF4B-00C04F79EFBC}") = "Sum-Of-Even-Divisors-AS", "Sum-Of-Even-Divisors-AS\Sum-Of-Even-Divisors-AS.csproj", "{53D92CA3-32DB-46B1-A211-E3220E22B29F}"
EndProject
Project("{FAE04EC0-301F-11D3-BF4B-00C04F79EFBC}") = "03. Sum-Of-Even-Divisors", "03. Sum-Of-Even-Divisors\03. Sum-Of-Even-Divisors.csproj", "{2EBE4F0D-3D1A-4871-90F9-10D2E8EBCA63}"
EndProject
Global
	GlobalSection(SolutionConfigurationPlatforms) = preSolution
		Debug|Any CPU = Debug|Any CPU
		Release|Any CPU = Release|Any CPU
	EndGlobalSection
	GlobalSection(ProjectConfigurationPlatforms) = postSolution
		{53D92CA3-32DB-46B1-A211-E3220E22B29F}.Debug|Any CPU.ActiveCfg = Debug|Any CPU
		{53D92CA3-32DB-46B1-A211-E3220E22B29F}.Debug|Any CPU.Build.0 = Debug|Any CPU
		{53D92CA3-32DB-46B1-A211-E3220E22B29F}.Release|Any CPU.ActiveCfg = Release|Any CPU
		{53D92CA3-32DB-46B1-A211-E3220E22B29F}.Release|Any CPU.Build.0 = Release|Any CPU
		{2EBE4F0D-3D1A-4871-90F9-10D2E8EBCA63}.Debug|Any CPU.ActiveCfg = Debug|Any CPU
		{2EBE4F0D-3D1A-4871-90F9-10D2E8EBCA63}.Debug|Any CPU.Build.0 = Debug|Any CPU
		{2EBE4F0D-3D1A-4871-90F9-10D2E8EBCA63}.Release|Any CPU.ActiveCfg = Release|Any CPU
		{2EBE4F0D-3D1A-4871-90F9-10D2E8EBCA63}.Release|Any CPU.Build.0 = Release|Any CPU
	EndGlobalSection
	GlobalSection(SolutionProperties) = preSolution
		HideSolutionNode = FALSE
	EndGlobalSection
EndGlobal
