
Microsoft Visual Studio Solution File, Format Version 12.00
# Visual Studio 14
VisualStudioVersion = 14.0.24720.0
MinimumVisualStudioVersion = 10.0.40219.1
Project("{FAE04EC0-301F-11D3-BF4B-00C04F79EFBC}") = "01. Peace-Of-Cake", "01. Peace-Of-Cake\01. Peace-Of-Cake.csproj", "{A073107B-E915-4D78-97FF-DD62E5BA4BD0}"
EndProject
Project("{FAE04EC0-301F-11D3-BF4B-00C04F79EFBC}") = "Peace-Of-Cake-AS", "Peace-Of-Cake-AS\Peace-Of-Cake-AS.csproj", "{C584F7D8-2181-402A-8012-F4C3A05EB5E6}"
EndProject
Global
	GlobalSection(SolutionConfigurationPlatforms) = preSolution
		Debug|Any CPU = Debug|Any CPU
		Release|Any CPU = Release|Any CPU
	EndGlobalSection
	GlobalSection(ProjectConfigurationPlatforms) = postSolution
		{A073107B-E915-4D78-97FF-DD62E5BA4BD0}.Debug|Any CPU.ActiveCfg = Debug|Any CPU
		{A073107B-E915-4D78-97FF-DD62E5BA4BD0}.Debug|Any CPU.Build.0 = Debug|Any CPU
		{A073107B-E915-4D78-97FF-DD62E5BA4BD0}.Release|Any CPU.ActiveCfg = Release|Any CPU
		{A073107B-E915-4D78-97FF-DD62E5BA4BD0}.Release|Any CPU.Build.0 = Release|Any CPU
		{C584F7D8-2181-402A-8012-F4C3A05EB5E6}.Debug|Any CPU.ActiveCfg = Debug|Any CPU
		{C584F7D8-2181-402A-8012-F4C3A05EB5E6}.Debug|Any CPU.Build.0 = Debug|Any CPU
		{C584F7D8-2181-402A-8012-F4C3A05EB5E6}.Release|Any CPU.ActiveCfg = Release|Any CPU
		{C584F7D8-2181-402A-8012-F4C3A05EB5E6}.Release|Any CPU.Build.0 = Release|Any CPU
	EndGlobalSection
	GlobalSection(SolutionProperties) = preSolution
		HideSolutionNode = FALSE
	EndGlobalSection
EndGlobal
