
Microsoft Visual Studio Solution File, Format Version 12.00
# Visual Studio 14
VisualStudioVersion = 14.0.24720.0
MinimumVisualStudioVersion = 10.0.40219.1
Project("{FAE04EC0-301F-11D3-BF4B-00C04F79EFBC}") = "05. Neurons", "05. Neurons\05. Neurons.csproj", "{9C74D435-AF52-4AFC-B892-666948765756}"
EndProject
Project("{FAE04EC0-301F-11D3-BF4B-00C04F79EFBC}") = "Neurons-AS", "Neurons-AS\Neurons-AS.csproj", "{B3633F48-A221-4F6D-9EEF-69C63B840677}"
EndProject
Global
	GlobalSection(SolutionConfigurationPlatforms) = preSolution
		Debug|Any CPU = Debug|Any CPU
		Release|Any CPU = Release|Any CPU
	EndGlobalSection
	GlobalSection(ProjectConfigurationPlatforms) = postSolution
		{9C74D435-AF52-4AFC-B892-666948765756}.Debug|Any CPU.ActiveCfg = Debug|Any CPU
		{9C74D435-AF52-4AFC-B892-666948765756}.Debug|Any CPU.Build.0 = Debug|Any CPU
		{9C74D435-AF52-4AFC-B892-666948765756}.Release|Any CPU.ActiveCfg = Release|Any CPU
		{9C74D435-AF52-4AFC-B892-666948765756}.Release|Any CPU.Build.0 = Release|Any CPU
		{B3633F48-A221-4F6D-9EEF-69C63B840677}.Debug|Any CPU.ActiveCfg = Debug|Any CPU
		{B3633F48-A221-4F6D-9EEF-69C63B840677}.Debug|Any CPU.Build.0 = Debug|Any CPU
		{B3633F48-A221-4F6D-9EEF-69C63B840677}.Release|Any CPU.ActiveCfg = Release|Any CPU
		{B3633F48-A221-4F6D-9EEF-69C63B840677}.Release|Any CPU.Build.0 = Release|Any CPU
	EndGlobalSection
	GlobalSection(SolutionProperties) = preSolution
		HideSolutionNode = FALSE
	EndGlobalSection
EndGlobal
