
Microsoft Visual Studio Solution File, Format Version 12.00
# Visual Studio 14
VisualStudioVersion = 14.0.24720.0
MinimumVisualStudioVersion = 10.0.40219.1
Project("{FAE04EC0-301F-11D3-BF4B-00C04F79EFBC}") = "01. Money", "01. Money\01. Money.csproj", "{DA0BDE02-89C3-4E02-9C72-8F51F79D446A}"
EndProject
Project("{FAE04EC0-301F-11D3-BF4B-00C04F79EFBC}") = "Money-AS", "Money-AS\Money-AS.csproj", "{46616541-75B0-4823-9C5B-E9BA93BAB272}"
EndProject
Global
	GlobalSection(SolutionConfigurationPlatforms) = preSolution
		Debug|Any CPU = Debug|Any CPU
		Release|Any CPU = Release|Any CPU
	EndGlobalSection
	GlobalSection(ProjectConfigurationPlatforms) = postSolution
		{DA0BDE02-89C3-4E02-9C72-8F51F79D446A}.Debug|Any CPU.ActiveCfg = Debug|Any CPU
		{DA0BDE02-89C3-4E02-9C72-8F51F79D446A}.Debug|Any CPU.Build.0 = Debug|Any CPU
		{DA0BDE02-89C3-4E02-9C72-8F51F79D446A}.Release|Any CPU.ActiveCfg = Release|Any CPU
		{DA0BDE02-89C3-4E02-9C72-8F51F79D446A}.Release|Any CPU.Build.0 = Release|Any CPU
		{46616541-75B0-4823-9C5B-E9BA93BAB272}.Debug|Any CPU.ActiveCfg = Debug|Any CPU
		{46616541-75B0-4823-9C5B-E9BA93BAB272}.Debug|Any CPU.Build.0 = Debug|Any CPU
		{46616541-75B0-4823-9C5B-E9BA93BAB272}.Release|Any CPU.ActiveCfg = Release|Any CPU
		{46616541-75B0-4823-9C5B-E9BA93BAB272}.Release|Any CPU.Build.0 = Release|Any CPU
	EndGlobalSection
	GlobalSection(SolutionProperties) = preSolution
		HideSolutionNode = FALSE
	EndGlobalSection
EndGlobal
