
Microsoft Visual Studio Solution File, Format Version 12.00
# Visual Studio 14
VisualStudioVersion = 14.0.24720.0
MinimumVisualStudioVersion = 10.0.40219.1
Project("{FAE04EC0-301F-11D3-BF4B-00C04F79EFBC}") = "02. Angry-Female-GPS", "02. Angry-Female-GPS\02. Angry-Female-GPS.csproj", "{F751BF3C-B34F-495C-816E-B6BD45D60A91}"
EndProject
Project("{FAE04EC0-301F-11D3-BF4B-00C04F79EFBC}") = "Angry-Female-GPS-AS", "Angry-Female-GPS-AS\Angry-Female-GPS-AS.csproj", "{F727EF15-3ABF-4F8B-BD8C-618EC0EE6CDA}"
EndProject
Global
	GlobalSection(SolutionConfigurationPlatforms) = preSolution
		Debug|Any CPU = Debug|Any CPU
		Release|Any CPU = Release|Any CPU
	EndGlobalSection
	GlobalSection(ProjectConfigurationPlatforms) = postSolution
		{F751BF3C-B34F-495C-816E-B6BD45D60A91}.Debug|Any CPU.ActiveCfg = Debug|Any CPU
		{F751BF3C-B34F-495C-816E-B6BD45D60A91}.Debug|Any CPU.Build.0 = Debug|Any CPU
		{F751BF3C-B34F-495C-816E-B6BD45D60A91}.Release|Any CPU.ActiveCfg = Release|Any CPU
		{F751BF3C-B34F-495C-816E-B6BD45D60A91}.Release|Any CPU.Build.0 = Release|Any CPU
		{F727EF15-3ABF-4F8B-BD8C-618EC0EE6CDA}.Debug|Any CPU.ActiveCfg = Debug|Any CPU
		{F727EF15-3ABF-4F8B-BD8C-618EC0EE6CDA}.Debug|Any CPU.Build.0 = Debug|Any CPU
		{F727EF15-3ABF-4F8B-BD8C-618EC0EE6CDA}.Release|Any CPU.ActiveCfg = Release|Any CPU
		{F727EF15-3ABF-4F8B-BD8C-618EC0EE6CDA}.Release|Any CPU.Build.0 = Release|Any CPU
	EndGlobalSection
	GlobalSection(SolutionProperties) = preSolution
		HideSolutionNode = FALSE
	EndGlobalSection
EndGlobal
