
Microsoft Visual Studio Solution File, Format Version 12.00
# Visual Studio 14
VisualStudioVersion = 14.0.24720.0
MinimumVisualStudioVersion = 10.0.40219.1
Project("{FAE04EC0-301F-11D3-BF4B-00C04F79EFBC}") = "05. Bittris", "05. Bittris\05. Bittris.csproj", "{483C3D3D-4ABA-40B9-B8E1-850772D20241}"
EndProject
Project("{FAE04EC0-301F-11D3-BF4B-00C04F79EFBC}") = "Bittris-AS", "Bittris-AS\Bittris-AS.csproj", "{8ECDE495-8E1E-4927-A6E8-E9DC6CF2521E}"
EndProject
Global
	GlobalSection(SolutionConfigurationPlatforms) = preSolution
		Debug|Any CPU = Debug|Any CPU
		Release|Any CPU = Release|Any CPU
	EndGlobalSection
	GlobalSection(ProjectConfigurationPlatforms) = postSolution
		{483C3D3D-4ABA-40B9-B8E1-850772D20241}.Debug|Any CPU.ActiveCfg = Debug|Any CPU
		{483C3D3D-4ABA-40B9-B8E1-850772D20241}.Debug|Any CPU.Build.0 = Debug|Any CPU
		{483C3D3D-4ABA-40B9-B8E1-850772D20241}.Release|Any CPU.ActiveCfg = Release|Any CPU
		{483C3D3D-4ABA-40B9-B8E1-850772D20241}.Release|Any CPU.Build.0 = Release|Any CPU
		{8ECDE495-8E1E-4927-A6E8-E9DC6CF2521E}.Debug|Any CPU.ActiveCfg = Debug|Any CPU
		{8ECDE495-8E1E-4927-A6E8-E9DC6CF2521E}.Debug|Any CPU.Build.0 = Debug|Any CPU
		{8ECDE495-8E1E-4927-A6E8-E9DC6CF2521E}.Release|Any CPU.ActiveCfg = Release|Any CPU
		{8ECDE495-8E1E-4927-A6E8-E9DC6CF2521E}.Release|Any CPU.Build.0 = Release|Any CPU
	EndGlobalSection
	GlobalSection(SolutionProperties) = preSolution
		HideSolutionNode = FALSE
	EndGlobalSection
EndGlobal
