
Microsoft Visual Studio Solution File, Format Version 12.00
# Visual Studio 14
VisualStudioVersion = 14.0.24720.0
MinimumVisualStudioVersion = 10.0.40219.1
Project("{FAE04EC0-301F-11D3-BF4B-00C04F79EFBC}") = "Dancing-Bits", "Dancing-Bits\Dancing-Bits.csproj", "{4DE0E5B2-95FA-464A-9155-9747AC320B88}"
EndProject
Project("{FAE04EC0-301F-11D3-BF4B-00C04F79EFBC}") = "Dancing-Bits-AS", "Dancing-Bits-AS\Dancing-Bits-AS.csproj", "{0908C6D0-05C4-4D01-89E1-BA63E827C4F3}"
EndProject
Global
	GlobalSection(SolutionConfigurationPlatforms) = preSolution
		Debug|Any CPU = Debug|Any CPU
		Release|Any CPU = Release|Any CPU
	EndGlobalSection
	GlobalSection(ProjectConfigurationPlatforms) = postSolution
		{4DE0E5B2-95FA-464A-9155-9747AC320B88}.Debug|Any CPU.ActiveCfg = Debug|Any CPU
		{4DE0E5B2-95FA-464A-9155-9747AC320B88}.Debug|Any CPU.Build.0 = Debug|Any CPU
		{4DE0E5B2-95FA-464A-9155-9747AC320B88}.Release|Any CPU.ActiveCfg = Release|Any CPU
		{4DE0E5B2-95FA-464A-9155-9747AC320B88}.Release|Any CPU.Build.0 = Release|Any CPU
		{0908C6D0-05C4-4D01-89E1-BA63E827C4F3}.Debug|Any CPU.ActiveCfg = Debug|Any CPU
		{0908C6D0-05C4-4D01-89E1-BA63E827C4F3}.Debug|Any CPU.Build.0 = Debug|Any CPU
		{0908C6D0-05C4-4D01-89E1-BA63E827C4F3}.Release|Any CPU.ActiveCfg = Release|Any CPU
		{0908C6D0-05C4-4D01-89E1-BA63E827C4F3}.Release|Any CPU.Build.0 = Release|Any CPU
	EndGlobalSection
	GlobalSection(SolutionProperties) = preSolution
		HideSolutionNode = FALSE
	EndGlobalSection
EndGlobal
