
Microsoft Visual Studio Solution File, Format Version 12.00
# Visual Studio 14
VisualStudioVersion = 14.0.24720.0
MinimumVisualStudioVersion = 10.0.40219.1
Project("{FAE04EC0-301F-11D3-BF4B-00C04F79EFBC}") = "05. Bits-To-Bits", "05. Bits-To-Bits\05. Bits-To-Bits.csproj", "{46AF4FE8-2997-451F-A0E2-56E3A878696C}"
EndProject
Project("{FAE04EC0-301F-11D3-BF4B-00C04F79EFBC}") = "Bits-To-Bits-AS", "Bits-To-Bits-AS\Bits-To-Bits-AS.csproj", "{2837A230-B4EF-41D0-BBBF-BA662DA59393}"
EndProject
Global
	GlobalSection(SolutionConfigurationPlatforms) = preSolution
		Debug|Any CPU = Debug|Any CPU
		Release|Any CPU = Release|Any CPU
	EndGlobalSection
	GlobalSection(ProjectConfigurationPlatforms) = postSolution
		{46AF4FE8-2997-451F-A0E2-56E3A878696C}.Debug|Any CPU.ActiveCfg = Debug|Any CPU
		{46AF4FE8-2997-451F-A0E2-56E3A878696C}.Debug|Any CPU.Build.0 = Debug|Any CPU
		{46AF4FE8-2997-451F-A0E2-56E3A878696C}.Release|Any CPU.ActiveCfg = Release|Any CPU
		{46AF4FE8-2997-451F-A0E2-56E3A878696C}.Release|Any CPU.Build.0 = Release|Any CPU
		{2837A230-B4EF-41D0-BBBF-BA662DA59393}.Debug|Any CPU.ActiveCfg = Debug|Any CPU
		{2837A230-B4EF-41D0-BBBF-BA662DA59393}.Debug|Any CPU.Build.0 = Debug|Any CPU
		{2837A230-B4EF-41D0-BBBF-BA662DA59393}.Release|Any CPU.ActiveCfg = Release|Any CPU
		{2837A230-B4EF-41D0-BBBF-BA662DA59393}.Release|Any CPU.Build.0 = Release|Any CPU
	EndGlobalSection
	GlobalSection(SolutionProperties) = preSolution
		HideSolutionNode = FALSE
	EndGlobalSection
EndGlobal
